
Microsoft Visual Studio Solution File, Format Version 11.00
# Visual Studio 2010
Project("{FAE04EC0-301F-11D3-BF4B-00C04F79EFBC}") = "AutoAPP", "AutoAPP.csproj", "{BC197AB3-4D2E-4F92-B600-0875E62230E6}"
EndProject
Project("{FAE04EC0-301F-11D3-BF4B-00C04F79EFBC}") = "TengJieControlWf", "..\..\BRIOControlWf\TengJieControlWf.csproj", "{B0A606D9-B30F-4F6F-AB45-942AA7E196F7}"
EndProject
Global
	GlobalSection(SolutionConfigurationPlatforms) = preSolution
		Debug|Any CPU = Debug|Any CPU
		Debug|Mixed Platforms = Debug|Mixed Platforms
		Debug|x64 = Debug|x64
		Debug|x86 = Debug|x86
		Release|Any CPU = Release|Any CPU
		Release|Mixed Platforms = Release|Mixed Platforms
		Release|x64 = Release|x64
		Release|x86 = Release|x86
	EndGlobalSection
	GlobalSection(ProjectConfigurationPlatforms) = postSolution
		{BC197AB3-4D2E-4F92-B600-0875E62230E6}.Debug|Any CPU.ActiveCfg = Debug|Any CPU
		{BC197AB3-4D2E-4F92-B600-0875E62230E6}.Debug|Any CPU.Build.0 = Debug|Any CPU
		{BC197AB3-4D2E-4F92-B600-0875E62230E6}.Debug|Mixed Platforms.ActiveCfg = Debug|Any CPU
		{BC197AB3-4D2E-4F92-B600-0875E62230E6}.Debug|Mixed Platforms.Build.0 = Debug|Any CPU
		{BC197AB3-4D2E-4F92-B600-0875E62230E6}.Debug|x64.ActiveCfg = Debug|Any CPU
		{BC197AB3-4D2E-4F92-B600-0875E62230E6}.Debug|x86.ActiveCfg = Debug|Any CPU
		{BC197AB3-4D2E-4F92-B600-0875E62230E6}.Release|Any CPU.ActiveCfg = Release|Any CPU
		{BC197AB3-4D2E-4F92-B600-0875E62230E6}.Release|Any CPU.Build.0 = Release|Any CPU
		{BC197AB3-4D2E-4F92-B600-0875E62230E6}.Release|Mixed Platforms.ActiveCfg = Release|Any CPU
		{BC197AB3-4D2E-4F92-B600-0875E62230E6}.Release|Mixed Platforms.Build.0 = Release|Any CPU
		{BC197AB3-4D2E-4F92-B600-0875E62230E6}.Release|x64.ActiveCfg = Release|Any CPU
		{BC197AB3-4D2E-4F92-B600-0875E62230E6}.Release|x86.ActiveCfg = Release|Any CPU
		{B0A606D9-B30F-4F6F-AB45-942AA7E196F7}.Debug|Any CPU.ActiveCfg = Debug|x86
		{B0A606D9-B30F-4F6F-AB45-942AA7E196F7}.Debug|Mixed Platforms.ActiveCfg = Debug|x86
		{B0A606D9-B30F-4F6F-AB45-942AA7E196F7}.Debug|Mixed Platforms.Build.0 = Debug|x86
		{B0A606D9-B30F-4F6F-AB45-942AA7E196F7}.Debug|x64.ActiveCfg = Debug|x86
		{B0A606D9-B30F-4F6F-AB45-942AA7E196F7}.Debug|x86.ActiveCfg = Debug|x86
		{B0A606D9-B30F-4F6F-AB45-942AA7E196F7}.Debug|x86.Build.0 = Debug|x86
		{B0A606D9-B30F-4F6F-AB45-942AA7E196F7}.Release|Any CPU.ActiveCfg = Release|x86
		{B0A606D9-B30F-4F6F-AB45-942AA7E196F7}.Release|Mixed Platforms.ActiveCfg = Release|x86
		{B0A606D9-B30F-4F6F-AB45-942AA7E196F7}.Release|Mixed Platforms.Build.0 = Release|x86
		{B0A606D9-B30F-4F6F-AB45-942AA7E196F7}.Release|x64.ActiveCfg = Release|x86
		{B0A606D9-B30F-4F6F-AB45-942AA7E196F7}.Release|x86.ActiveCfg = Release|x86
		{B0A606D9-B30F-4F6F-AB45-942AA7E196F7}.Release|x86.Build.0 = Release|x86
	EndGlobalSection
	GlobalSection(SolutionProperties) = preSolution
		HideSolutionNode = FALSE
	EndGlobalSection
EndGlobal
